// !$*UTF8*$!
{
	archiveVersion = 1;
	classes = {
	};
	objectVersion = 77;
	objects = {

/* Begin PBXBuildFile section */
		7F5822B22EF8000200FD9BCE /* Secrets.plist in Resources */ = {isa = PBXBuildFile; fileRef = 7F5822B12EF8000100FD9BCE /* Secrets.plist */; };
		7F5823A82EF74B3600FD9BCE /* GRDB in Frameworks */ = {isa = PBXBuildFile; productRef = 7F5822A12EF7000000FD9BCE /* GRDB */; };
		7F5824122EF8000100FD9BCE /* ViewInspector in Frameworks */ = {isa = PBXBuildFile; productRef = 7F5824162EF8000100FD9BCE /* ViewInspector */; };
		7F5824132EF8000100FD9BCE /* SnapshotTesting in Frameworks */ = {isa = PBXBuildFile; productRef = 7F5824172EF8000100FD9BCE /* SnapshotTesting */; };
/* End PBXBuildFile section */

/* Begin PBXFileReference section */
		7F5822872EF6DC2800FD9BCE /* watchcollection.app */ = {isa = PBXFileReference; explicitFileType = wrapper.application; includeInIndex = 0; path = watchcollection.app; sourceTree = BUILT_PRODUCTS_DIR; };
		7F5822B02EF8000000FD9BCE /* Secrets.xcconfig */ = {isa = PBXFileReference; lastKnownFileType = text.xcconfig; path = Secrets.xcconfig; sourceTree = "<group>"; };
		7F5822B12EF8000100FD9BCE /* Secrets.plist */ = {isa = PBXFileReference; lastKnownFileType = text.plist.xml; path = Secrets.plist; sourceTree = "<group>"; };
		7F5824022EF8000100FD9BCE /* watchcollectionTests.xctest */ = {isa = PBXFileReference; explicitFileType = wrapper.cfbundle; includeInIndex = 0; path = watchcollectionTests.xctest; sourceTree = BUILT_PRODUCTS_DIR; };
		7F5824032EF8000100FD9BCE /* watchcollectionUITests.xctest */ = {isa = PBXFileReference; explicitFileType = wrapper.cfbundle; includeInIndex = 0; path = watchcollectionUITests.xctest; sourceTree = BUILT_PRODUCTS_DIR; };
/* End PBXFileReference section */

/* Begin PBXFileSystemSynchronizedRootGroup section */
		7F5822892EF6DC2800FD9BCE /* watchcollection */ = {
			isa = PBXFileSystemSynchronizedRootGroup;
			path = watchcollection;
			sourceTree = "<group>";
		};
		7F5824042EF8000100FD9BCE /* watchcollectionTests */ = {
			isa = PBXFileSystemSynchronizedRootGroup;
			path = watchcollectionTests;
			sourceTree = "<group>";
		};
		7F5824052EF8000100FD9BCE /* watchcollectionUITests */ = {
			isa = PBXFileSystemSynchronizedRootGroup;
			path = watchcollectionUITests;
			sourceTree = "<group>";
		};
/* End PBXFileSystemSynchronizedRootGroup section */

/* Begin PBXFrameworksBuildPhase section */
		7F5822842EF6DC2800FD9BCE /* Frameworks */ = {
			isa = PBXFrameworksBuildPhase;
			buildActionMask = 2147483647;
			files = (
				7F5823A82EF74B3600FD9BCE /* GRDB in Frameworks */,
			);
			runOnlyForDeploymentPostprocessing = 0;
		};
		7F5824072EF8000100FD9BCE /* Frameworks */ = {
			isa = PBXFrameworksBuildPhase;
			buildActionMask = 2147483647;
			files = (
				7F5824122EF8000100FD9BCE /* ViewInspector in Frameworks */,
				7F5824132EF8000100FD9BCE /* SnapshotTesting in Frameworks */,
			);
			runOnlyForDeploymentPostprocessing = 0;
		};
		7F58240A2EF8000100FD9BCE /* Frameworks */ = {
			isa = PBXFrameworksBuildPhase;
			buildActionMask = 2147483647;
			files = (
			);
			runOnlyForDeploymentPostprocessing = 0;
		};
/* End PBXFrameworksBuildPhase section */

/* Begin PBXGroup section */
		7F58227E2EF6DC2800FD9BCE = {
			isa = PBXGroup;
			children = (
				7F5822B02EF8000000FD9BCE /* Secrets.xcconfig */,
				7F5822B12EF8000100FD9BCE /* Secrets.plist */,
				7F5822892EF6DC2800FD9BCE /* watchcollection */,
				7F5824042EF8000100FD9BCE /* watchcollectionTests */,
				7F5824052EF8000100FD9BCE /* watchcollectionUITests */,
				7F5822882EF6DC2800FD9BCE /* Products */,
			);
			sourceTree = "<group>";
		};
		7F5822882EF6DC2800FD9BCE /* Products */ = {
			isa = PBXGroup;
			children = (
				7F5822872EF6DC2800FD9BCE /* watchcollection.app */,
				7F5824022EF8000100FD9BCE /* watchcollectionTests.xctest */,
				7F5824032EF8000100FD9BCE /* watchcollectionUITests.xctest */,
			);
			name = Products;
			sourceTree = "<group>";
		};
/* End PBXGroup section */

/* Begin PBXNativeTarget section */
		7F5822862EF6DC2800FD9BCE /* watchcollection */ = {
			isa = PBXNativeTarget;
			buildConfigurationList = 7F5822922EF6DC2900FD9BCE /* Build configuration list for PBXNativeTarget "watchcollection" */;
			buildPhases = (
				7F5822832EF6DC2800FD9BCE /* Sources */,
				7F5822842EF6DC2800FD9BCE /* Frameworks */,
				7F5822852EF6DC2800FD9BCE /* Resources */,
			);
			buildRules = (
			);
			dependencies = (
			);
			fileSystemSynchronizedGroups = (
				7F5822892EF6DC2800FD9BCE /* watchcollection */,
			);
			name = watchcollection;
			packageProductDependencies = (
				7F5822A12EF7000000FD9BCE /* GRDB */,
			);
			productName = watchcollection;
			productReference = 7F5822872EF6DC2800FD9BCE /* watchcollection.app */;
			productType = "com.apple.product-type.application";
		};
		7F5824002EF8000100FD9BCE /* watchcollectionTests */ = {
			isa = PBXNativeTarget;
			buildConfigurationList = 7F58240C2EF8000100FD9BCE /* Build configuration list for PBXNativeTarget "watchcollectionTests" */;
			buildPhases = (
				7F5824062EF8000100FD9BCE /* Sources */,
				7F5824072EF8000100FD9BCE /* Frameworks */,
				7F5824082EF8000100FD9BCE /* Resources */,
			);
			buildRules = (
			);
			dependencies = (
				7F5824142EF8000100FD9BCE /* PBXTargetDependency */,
			);
			fileSystemSynchronizedGroups = (
				7F5824042EF8000100FD9BCE /* watchcollectionTests */,
			);
			name = watchcollectionTests;
			packageProductDependencies = (
				7F5824162EF8000100FD9BCE /* ViewInspector */,
				7F5824172EF8000100FD9BCE /* SnapshotTesting */,
			);
			productName = watchcollectionTests;
			productReference = 7F5824022EF8000100FD9BCE /* watchcollectionTests.xctest */;
			productType = "com.apple.product-type.bundle.unit-test";
		};
		7F5824012EF8000100FD9BCE /* watchcollectionUITests */ = {
			isa = PBXNativeTarget;
			buildConfigurationList = 7F58240F2EF8000100FD9BCE /* Build configuration list for PBXNativeTarget "watchcollectionUITests" */;
			buildPhases = (
				7F5824092EF8000100FD9BCE /* Sources */,
				7F58240A2EF8000100FD9BCE /* Frameworks */,
				7F58240B2EF8000100FD9BCE /* Resources */,
			);
			buildRules = (
			);
			dependencies = (
				7F5824152EF8000100FD9BCE /* PBXTargetDependency */,
			);
			fileSystemSynchronizedGroups = (
				7F5824052EF8000100FD9BCE /* watchcollectionUITests */,
			);
			name = watchcollectionUITests;
			packageProductDependencies = (
			);
			productName = watchcollectionUITests;
			productReference = 7F5824032EF8000100FD9BCE /* watchcollectionUITests.xctest */;
			productType = "com.apple.product-type.bundle.ui-testing";
		};
/* End PBXNativeTarget section */

/* Begin PBXProject section */
		7F58227F2EF6DC2800FD9BCE /* Project object */ = {
			isa = PBXProject;
			attributes = {
				BuildIndependentTargetsInParallel = 1;
				LastSwiftUpdateCheck = 2620;
				LastUpgradeCheck = 2620;
				TargetAttributes = {
					7F5822862EF6DC2800FD9BCE = {
						CreatedOnToolsVersion = 26.2;
					};
					7F5824002EF8000100FD9BCE = {
						CreatedOnToolsVersion = 26.2;
						TestTargetID = 7F5822862EF6DC2800FD9BCE;
					};
					7F5824012EF8000100FD9BCE = {
						CreatedOnToolsVersion = 26.2;
						TestTargetID = 7F5822862EF6DC2800FD9BCE;
					};
				};
			};
			buildConfigurationList = 7F5822822EF6DC2800FD9BCE /* Build configuration list for PBXProject "watchcollection" */;
			developmentRegion = en;
			hasScannedForEncodings = 0;
			knownRegions = (
				en,
				Base,
			);
			mainGroup = 7F58227E2EF6DC2800FD9BCE;
			minimizedProjectReferenceProxies = 1;
			packageReferences = (
				7F5822A02EF7000000FD9BCE /* XCRemoteSwiftPackageReference "GRDB.swift" */,
				7F5824182EF8000100FD9BCE /* XCRemoteSwiftPackageReference "ViewInspector" */,
				7F5824192EF8000100FD9BCE /* XCRemoteSwiftPackageReference "swift-snapshot-testing" */,
			);
			preferredProjectObjectVersion = 77;
			productRefGroup = 7F5822882EF6DC2800FD9BCE /* Products */;
			projectDirPath = "";
			projectRoot = "";
			targets = (
				7F5822862EF6DC2800FD9BCE /* watchcollection */,
				7F5824002EF8000100FD9BCE /* watchcollectionTests */,
				7F5824012EF8000100FD9BCE /* watchcollectionUITests */,
			);
		};
/* End PBXProject section */

/* Begin PBXResourcesBuildPhase section */
		7F5822852EF6DC2800FD9BCE /* Resources */ = {
			isa = PBXResourcesBuildPhase;
			buildActionMask = 2147483647;
			files = (
				7F5822B22EF8000200FD9BCE /* Secrets.plist in Resources */,
			);
			runOnlyForDeploymentPostprocessing = 0;
		};
		7F5824082EF8000100FD9BCE /* Resources */ = {
			isa = PBXResourcesBuildPhase;
			buildActionMask = 2147483647;
			files = (
			);
			runOnlyForDeploymentPostprocessing = 0;
		};
		7F58240B2EF8000100FD9BCE /* Resources */ = {
			isa = PBXResourcesBuildPhase;
			buildActionMask = 2147483647;
			files = (
			);
			runOnlyForDeploymentPostprocessing = 0;
		};
/* End PBXResourcesBuildPhase section */

/* Begin PBXSourcesBuildPhase section */
		7F5822832EF6DC2800FD9BCE /* Sources */ = {
			isa = PBXSourcesBuildPhase;
			buildActionMask = 2147483647;
			files = (
			);
			runOnlyForDeploymentPostprocessing = 0;
		};
		7F5824062EF8000100FD9BCE /* Sources */ = {
			isa = PBXSourcesBuildPhase;
			buildActionMask = 2147483647;
			files = (
			);
			runOnlyForDeploymentPostprocessing = 0;
		};
		7F5824092EF8000100FD9BCE /* Sources */ = {
			isa = PBXSourcesBuildPhase;
			buildActionMask = 2147483647;
			files = (
			);
			runOnlyForDeploymentPostprocessing = 0;
		};
/* End PBXSourcesBuildPhase section */

/* Begin PBXTargetDependency section */
		7F5824142EF8000100FD9BCE /* PBXTargetDependency */ = {
			isa = PBXTargetDependency;
			target = 7F5822862EF6DC2800FD9BCE /* watchcollection */;
			targetProxy = 7F58241A2EF8000100FD9BCE /* PBXContainerItemProxy */;
		};
		7F5824152EF8000100FD9BCE /* PBXTargetDependency */ = {
			isa = PBXTargetDependency;
			target = 7F5822862EF6DC2800FD9BCE /* watchcollection */;
			targetProxy = 7F58241B2EF8000100FD9BCE /* PBXContainerItemProxy */;
		};
/* End PBXTargetDependency section */

/* Begin PBXContainerItemProxy section */
		7F58241A2EF8000100FD9BCE /* PBXContainerItemProxy */ = {
			isa = PBXContainerItemProxy;
			containerPortal = 7F58227F2EF6DC2800FD9BCE /* Project object */;
			proxyType = 1;
			remoteGlobalIDString = 7F5822862EF6DC2800FD9BCE;
			remoteInfo = watchcollection;
		};
		7F58241B2EF8000100FD9BCE /* PBXContainerItemProxy */ = {
			isa = PBXContainerItemProxy;
			containerPortal = 7F58227F2EF6DC2800FD9BCE /* Project object */;
			proxyType = 1;
			remoteGlobalIDString = 7F5822862EF6DC2800FD9BCE;
			remoteInfo = watchcollection;
		};
/* End PBXContainerItemProxy section */

/* Begin XCBuildConfiguration section */
		7F5822902EF6DC2900FD9BCE /* Debug */ = {
			isa = XCBuildConfiguration;
			buildSettings = {
				ALWAYS_SEARCH_USER_PATHS = NO;
				ASSETCATALOG_COMPILER_GENERATE_SWIFT_ASSET_SYMBOL_EXTENSIONS = YES;
				CLANG_ANALYZER_NONNULL = YES;
				CLANG_ANALYZER_NUMBER_OBJECT_CONVERSION = YES_AGGRESSIVE;
				CLANG_CXX_LANGUAGE_STANDARD = "gnu++20";
				CLANG_ENABLE_MODULES = YES;
				CLANG_ENABLE_OBJC_ARC = YES;
				CLANG_ENABLE_OBJC_WEAK = YES;
				CLANG_WARN_BLOCK_CAPTURE_AUTORELEASING = YES;
				CLANG_WARN_BOOL_CONVERSION = YES;
				CLANG_WARN_COMMA = YES;
				CLANG_WARN_CONSTANT_CONVERSION = YES;
				CLANG_WARN_DEPRECATED_OBJC_IMPLEMENTATIONS = YES;
				CLANG_WARN_DIRECT_OBJC_ISA_USAGE = YES_ERROR;
				CLANG_WARN_DOCUMENTATION_COMMENTS = YES;
				CLANG_WARN_EMPTY_BODY = YES;
				CLANG_WARN_ENUM_CONVERSION = YES;
				CLANG_WARN_INFINITE_RECURSION = YES;
				CLANG_WARN_INT_CONVERSION = YES;
				CLANG_WARN_NON_LITERAL_NULL_CONVERSION = YES;
				CLANG_WARN_OBJC_IMPLICIT_RETAIN_SELF = YES;
				CLANG_WARN_OBJC_LITERAL_CONVERSION = YES;
				CLANG_WARN_OBJC_ROOT_CLASS = YES_ERROR;
				CLANG_WARN_QUOTED_INCLUDE_IN_FRAMEWORK_HEADER = YES;
				CLANG_WARN_RANGE_LOOP_ANALYSIS = YES;
				CLANG_WARN_STRICT_PROTOTYPES = YES;
				CLANG_WARN_SUSPICIOUS_MOVE = YES;
				CLANG_WARN_UNGUARDED_AVAILABILITY = YES_AGGRESSIVE;
				CLANG_WARN_UNREACHABLE_CODE = YES;
				CLANG_WARN__DUPLICATE_METHOD_MATCH = YES;
				COPY_PHASE_STRIP = NO;
				DEBUG_INFORMATION_FORMAT = dwarf;
				DEVELOPMENT_TEAM = B27B4ED4CL;
				ENABLE_STRICT_OBJC_MSGSEND = YES;
				ENABLE_TESTABILITY = YES;
				ENABLE_USER_SCRIPT_SANDBOXING = YES;
				GCC_C_LANGUAGE_STANDARD = gnu17;
				GCC_DYNAMIC_NO_PIC = NO;
				GCC_NO_COMMON_BLOCKS = YES;
				GCC_OPTIMIZATION_LEVEL = 0;
				GCC_PREPROCESSOR_DEFINITIONS = (
					"DEBUG=1",
					"$(inherited)",
				);
				GCC_WARN_64_TO_32_BIT_CONVERSION = YES;
				GCC_WARN_ABOUT_RETURN_TYPE = YES_ERROR;
				GCC_WARN_UNDECLARED_SELECTOR = YES;
				GCC_WARN_UNINITIALIZED_AUTOS = YES_AGGRESSIVE;
				GCC_WARN_UNUSED_FUNCTION = YES;
				GCC_WARN_UNUSED_VARIABLE = YES;
				IPHONEOS_DEPLOYMENT_TARGET = 26.2;
				LOCALIZATION_PREFERS_STRING_CATALOGS = YES;
				MTL_ENABLE_DEBUG_INFO = INCLUDE_SOURCE;
				MTL_FAST_MATH = YES;
				ONLY_ACTIVE_ARCH = YES;
				SDKROOT = iphoneos;
				SWIFT_ACTIVE_COMPILATION_CONDITIONS = "DEBUG $(inherited)";
				SWIFT_OPTIMIZATION_LEVEL = "-Onone";
			};
			name = Debug;
		};
		7F5822912EF6DC2900FD9BCE /* Release */ = {
			isa = XCBuildConfiguration;
			buildSettings = {
				ALWAYS_SEARCH_USER_PATHS = NO;
				ASSETCATALOG_COMPILER_GENERATE_SWIFT_ASSET_SYMBOL_EXTENSIONS = YES;
				CLANG_ANALYZER_NONNULL = YES;
				CLANG_ANALYZER_NUMBER_OBJECT_CONVERSION = YES_AGGRESSIVE;
				CLANG_CXX_LANGUAGE_STANDARD = "gnu++20";
				CLANG_ENABLE_MODULES = YES;
				CLANG_ENABLE_OBJC_ARC = YES;
				CLANG_ENABLE_OBJC_WEAK = YES;
				CLANG_WARN_BLOCK_CAPTURE_AUTORELEASING = YES;
				CLANG_WARN_BOOL_CONVERSION = YES;
				CLANG_WARN_COMMA = YES;
				CLANG_WARN_CONSTANT_CONVERSION = YES;
				CLANG_WARN_DEPRECATED_OBJC_IMPLEMENTATIONS = YES;
				CLANG_WARN_DIRECT_OBJC_ISA_USAGE = YES_ERROR;
				CLANG_WARN_DOCUMENTATION_COMMENTS = YES;
				CLANG_WARN_EMPTY_BODY = YES;
				CLANG_WARN_ENUM_CONVERSION = YES;
				CLANG_WARN_INFINITE_RECURSION = YES;
				CLANG_WARN_INT_CONVERSION = YES;
				CLANG_WARN_NON_LITERAL_NULL_CONVERSION = YES;
				CLANG_WARN_OBJC_IMPLICIT_RETAIN_SELF = YES;
				CLANG_WARN_OBJC_LITERAL_CONVERSION = YES;
				CLANG_WARN_OBJC_ROOT_CLASS = YES_ERROR;
				CLANG_WARN_QUOTED_INCLUDE_IN_FRAMEWORK_HEADER = YES;
				CLANG_WARN_RANGE_LOOP_ANALYSIS = YES;
				CLANG_WARN_STRICT_PROTOTYPES = YES;
				CLANG_WARN_SUSPICIOUS_MOVE = YES;
				CLANG_WARN_UNGUARDED_AVAILABILITY = YES_AGGRESSIVE;
				CLANG_WARN_UNREACHABLE_CODE = YES;
				CLANG_WARN__DUPLICATE_METHOD_MATCH = YES;
				COPY_PHASE_STRIP = NO;
				DEBUG_INFORMATION_FORMAT = "dwarf-with-dsym";
				DEVELOPMENT_TEAM = B27B4ED4CL;
				ENABLE_NS_ASSERTIONS = NO;
				ENABLE_STRICT_OBJC_MSGSEND = YES;
				ENABLE_USER_SCRIPT_SANDBOXING = YES;
				GCC_C_LANGUAGE_STANDARD = gnu17;
				GCC_NO_COMMON_BLOCKS = YES;
				GCC_WARN_64_TO_32_BIT_CONVERSION = YES;
				GCC_WARN_ABOUT_RETURN_TYPE = YES_ERROR;
				GCC_WARN_UNDECLARED_SELECTOR = YES;
				GCC_WARN_UNINITIALIZED_AUTOS = YES_AGGRESSIVE;
				GCC_WARN_UNUSED_FUNCTION = YES;
				GCC_WARN_UNUSED_VARIABLE = YES;
				IPHONEOS_DEPLOYMENT_TARGET = 26.2;
				LOCALIZATION_PREFERS_STRING_CATALOGS = YES;
				MTL_ENABLE_DEBUG_INFO = NO;
				MTL_FAST_MATH = YES;
				SDKROOT = iphoneos;
				SWIFT_COMPILATION_MODE = wholemodule;
				VALIDATE_PRODUCT = YES;
			};
			name = Release;
		};
		7F5822932EF6DC2900FD9BCE /* Debug */ = {
			isa = XCBuildConfiguration;
			baseConfigurationReference = 7F5822B02EF8000000FD9BCE /* Secrets.xcconfig */;
			buildSettings = {
				ASSETCATALOG_COMPILER_APPICON_NAME = AppIcon;
				ASSETCATALOG_COMPILER_GLOBAL_ACCENT_COLOR_NAME = AccentColor;
				CODE_SIGN_STYLE = Automatic;
				CURRENT_PROJECT_VERSION = 1;
				DEVELOPMENT_TEAM = B27B4ED4CL;
				ENABLE_PREVIEWS = YES;
				GENERATE_INFOPLIST_FILE = YES;
				INFOPLIST_KEY_NSCameraUsageDescription = "Camera access is needed to identify watches using AI";
				INFOPLIST_KEY_NSPhotoLibraryUsageDescription = "Photo library access is needed to select watch photos";
				INFOPLIST_KEY_UIApplicationSceneManifest_Generation = YES;
				INFOPLIST_KEY_UIApplicationSupportsIndirectInputEvents = YES;
				INFOPLIST_KEY_UILaunchScreen_Generation = YES;
				INFOPLIST_KEY_UISupportedInterfaceOrientations_iPad = "UIInterfaceOrientationPortrait UIInterfaceOrientationPortraitUpsideDown UIInterfaceOrientationLandscapeLeft UIInterfaceOrientationLandscapeRight";
				INFOPLIST_KEY_UISupportedInterfaceOrientations_iPhone = "UIInterfaceOrientationPortrait UIInterfaceOrientationLandscapeLeft UIInterfaceOrientationLandscapeRight";
				LD_RUNPATH_SEARCH_PATHS = (
					"$(inherited)",
					"@executable_path/Frameworks",
				);
				MARKETING_VERSION = 1.0;
				PRODUCT_BUNDLE_IDENTIFIER = com.nooma.watchcollection;
				PRODUCT_NAME = "$(TARGET_NAME)";
				STRING_CATALOG_GENERATE_SYMBOLS = YES;
				SWIFT_APPROACHABLE_CONCURRENCY = YES;
				SWIFT_DEFAULT_ACTOR_ISOLATION = MainActor;
				SWIFT_EMIT_LOC_STRINGS = YES;
				SWIFT_UPCOMING_FEATURE_MEMBER_IMPORT_VISIBILITY = YES;
				SWIFT_VERSION = 5.0;
				TARGETED_DEVICE_FAMILY = "1,2";
			};
			name = Debug;
		};
		7F5822942EF6DC2900FD9BCE /* Release */ = {
			isa = XCBuildConfiguration;
			baseConfigurationReference = 7F5822B02EF8000000FD9BCE /* Secrets.xcconfig */;
			buildSettings = {
				ASSETCATALOG_COMPILER_APPICON_NAME = AppIcon;
				ASSETCATALOG_COMPILER_GLOBAL_ACCENT_COLOR_NAME = AccentColor;
				CODE_SIGN_STYLE = Automatic;
				CURRENT_PROJECT_VERSION = 1;
				DEVELOPMENT_TEAM = B27B4ED4CL;
				ENABLE_PREVIEWS = YES;
				GENERATE_INFOPLIST_FILE = YES;
				INFOPLIST_KEY_NSCameraUsageDescription = "Camera access is needed to identify watches using AI";
				INFOPLIST_KEY_NSPhotoLibraryUsageDescription = "Photo library access is needed to select watch photos";
				INFOPLIST_KEY_UIApplicationSceneManifest_Generation = YES;
				INFOPLIST_KEY_UIApplicationSupportsIndirectInputEvents = YES;
				INFOPLIST_KEY_UILaunchScreen_Generation = YES;
				INFOPLIST_KEY_UISupportedInterfaceOrientations_iPad = "UIInterfaceOrientationPortrait UIInterfaceOrientationPortraitUpsideDown UIInterfaceOrientationLandscapeLeft UIInterfaceOrientationLandscapeRight";
				INFOPLIST_KEY_UISupportedInterfaceOrientations_iPhone = "UIInterfaceOrientationPortrait UIInterfaceOrientationLandscapeLeft UIInterfaceOrientationLandscapeRight";
				LD_RUNPATH_SEARCH_PATHS = (
					"$(inherited)",
					"@executable_path/Frameworks",
				);
				MARKETING_VERSION = 1.0;
				PRODUCT_BUNDLE_IDENTIFIER = com.nooma.watchcollection;
				PRODUCT_NAME = "$(TARGET_NAME)";
				STRING_CATALOG_GENERATE_SYMBOLS = YES;
				SWIFT_APPROACHABLE_CONCURRENCY = YES;
				SWIFT_DEFAULT_ACTOR_ISOLATION = MainActor;
				SWIFT_EMIT_LOC_STRINGS = YES;
				SWIFT_UPCOMING_FEATURE_MEMBER_IMPORT_VISIBILITY = YES;
				SWIFT_VERSION = 5.0;
				TARGETED_DEVICE_FAMILY = "1,2";
			};
			name = Release;
		};
		7F58240D2EF8000100FD9BCE /* Debug */ = {
			isa = XCBuildConfiguration;
			buildSettings = {
				ALWAYS_EMBED_SWIFT_STANDARD_LIBRARIES = YES;
				BUNDLE_LOADER = "$(TEST_HOST)";
				CODE_SIGN_STYLE = Automatic;
				CURRENT_PROJECT_VERSION = 1;
				DEVELOPMENT_TEAM = B27B4ED4CL;
				GENERATE_INFOPLIST_FILE = YES;
				IPHONEOS_DEPLOYMENT_TARGET = 26.2;
				LD_RUNPATH_SEARCH_PATHS = (
					"$(inherited)",
					"@executable_path/Frameworks",
					"@loader_path/Frameworks",
				);
				MARKETING_VERSION = 1.0;
				PRODUCT_BUNDLE_IDENTIFIER = com.nooma.watchcollectionTests;
				PRODUCT_NAME = "$(TARGET_NAME)";
				SWIFT_VERSION = 5.0;
				TARGETED_DEVICE_FAMILY = "1,2";
				TEST_HOST = "$(BUILT_PRODUCTS_DIR)/watchcollection.app/watchcollection";
			};
			name = Debug;
		};
		7F58240E2EF8000100FD9BCE /* Release */ = {
			isa = XCBuildConfiguration;
			buildSettings = {
				ALWAYS_EMBED_SWIFT_STANDARD_LIBRARIES = YES;
				BUNDLE_LOADER = "$(TEST_HOST)";
				CODE_SIGN_STYLE = Automatic;
				CURRENT_PROJECT_VERSION = 1;
				DEVELOPMENT_TEAM = B27B4ED4CL;
				GENERATE_INFOPLIST_FILE = YES;
				IPHONEOS_DEPLOYMENT_TARGET = 26.2;
				LD_RUNPATH_SEARCH_PATHS = (
					"$(inherited)",
					"@executable_path/Frameworks",
					"@loader_path/Frameworks",
				);
				MARKETING_VERSION = 1.0;
				PRODUCT_BUNDLE_IDENTIFIER = com.nooma.watchcollectionTests;
				PRODUCT_NAME = "$(TARGET_NAME)";
				SWIFT_COMPILATION_MODE = wholemodule;
				SWIFT_VERSION = 5.0;
				TARGETED_DEVICE_FAMILY = "1,2";
				TEST_HOST = "$(BUILT_PRODUCTS_DIR)/watchcollection.app/watchcollection";
			};
			name = Release;
		};
		7F5824102EF8000100FD9BCE /* Debug */ = {
			isa = XCBuildConfiguration;
			buildSettings = {
				ALWAYS_EMBED_SWIFT_STANDARD_LIBRARIES = YES;
				CODE_SIGN_STYLE = Automatic;
				CURRENT_PROJECT_VERSION = 1;
				DEVELOPMENT_TEAM = B27B4ED4CL;
				GENERATE_INFOPLIST_FILE = YES;
				IPHONEOS_DEPLOYMENT_TARGET = 26.2;
				LD_RUNPATH_SEARCH_PATHS = (
					"$(inherited)",
					"@executable_path/Frameworks",
					"@loader_path/Frameworks",
				);
				MARKETING_VERSION = 1.0;
				PRODUCT_BUNDLE_IDENTIFIER = com.nooma.watchcollectionUITests;
				PRODUCT_NAME = "$(TARGET_NAME)";
				SWIFT_VERSION = 5.0;
				TARGETED_DEVICE_FAMILY = "1,2";
				TEST_TARGET_NAME = watchcollection;
			};
			name = Debug;
		};
		7F5824112EF8000100FD9BCE /* Release */ = {
			isa = XCBuildConfiguration;
			buildSettings = {
				ALWAYS_EMBED_SWIFT_STANDARD_LIBRARIES = YES;
				CODE_SIGN_STYLE = Automatic;
				CURRENT_PROJECT_VERSION = 1;
				DEVELOPMENT_TEAM = B27B4ED4CL;
				GENERATE_INFOPLIST_FILE = YES;
				IPHONEOS_DEPLOYMENT_TARGET = 26.2;
				LD_RUNPATH_SEARCH_PATHS = (
					"$(inherited)",
					"@executable_path/Frameworks",
					"@loader_path/Frameworks",
				);
				MARKETING_VERSION = 1.0;
				PRODUCT_BUNDLE_IDENTIFIER = com.nooma.watchcollectionUITests;
				PRODUCT_NAME = "$(TARGET_NAME)";
				SWIFT_COMPILATION_MODE = wholemodule;
				SWIFT_VERSION = 5.0;
				TARGETED_DEVICE_FAMILY = "1,2";
				TEST_TARGET_NAME = watchcollection;
			};
			name = Release;
		};
/* End XCBuildConfiguration section */

/* Begin XCConfigurationList section */
		7F5822822EF6DC2800FD9BCE /* Build configuration list for PBXProject "watchcollection" */ = {
			isa = XCConfigurationList;
			buildConfigurations = (
				7F5822902EF6DC2900FD9BCE /* Debug */,
				7F5822912EF6DC2900FD9BCE /* Release */,
			);
			defaultConfigurationIsVisible = 0;
			defaultConfigurationName = Release;
		};
		7F5822922EF6DC2900FD9BCE /* Build configuration list for PBXNativeTarget "watchcollection" */ = {
			isa = XCConfigurationList;
			buildConfigurations = (
				7F5822932EF6DC2900FD9BCE /* Debug */,
				7F5822942EF6DC2900FD9BCE /* Release */,
			);
			defaultConfigurationIsVisible = 0;
			defaultConfigurationName = Release;
		};
		7F58240C2EF8000100FD9BCE /* Build configuration list for PBXNativeTarget "watchcollectionTests" */ = {
			isa = XCConfigurationList;
			buildConfigurations = (
				7F58240D2EF8000100FD9BCE /* Debug */,
				7F58240E2EF8000100FD9BCE /* Release */,
			);
			defaultConfigurationIsVisible = 0;
			defaultConfigurationName = Release;
		};
		7F58240F2EF8000100FD9BCE /* Build configuration list for PBXNativeTarget "watchcollectionUITests" */ = {
			isa = XCConfigurationList;
			buildConfigurations = (
				7F5824102EF8000100FD9BCE /* Debug */,
				7F5824112EF8000100FD9BCE /* Release */,
			);
			defaultConfigurationIsVisible = 0;
			defaultConfigurationName = Release;
		};
/* End XCConfigurationList section */

/* Begin XCRemoteSwiftPackageReference section */
		7F5822A02EF7000000FD9BCE /* XCRemoteSwiftPackageReference "GRDB.swift" */ = {
			isa = XCRemoteSwiftPackageReference;
			repositoryURL = "https://github.com/groue/GRDB.swift.git";
			requirement = {
				kind = upToNextMajorVersion;
				minimumVersion = 7.0.0;
			};
		};
		7F5824182EF8000100FD9BCE /* XCRemoteSwiftPackageReference "ViewInspector" */ = {
			isa = XCRemoteSwiftPackageReference;
			repositoryURL = "https://github.com/nalexn/ViewInspector.git";
			requirement = {
				kind = upToNextMajorVersion;
				minimumVersion = 0.10.3;
			};
		};
		7F5824192EF8000100FD9BCE /* XCRemoteSwiftPackageReference "swift-snapshot-testing" */ = {
			isa = XCRemoteSwiftPackageReference;
			repositoryURL = "https://github.com/pointfreeco/swift-snapshot-testing";
			requirement = {
				kind = upToNextMajorVersion;
				minimumVersion = 1.18.0;
			};
		};
/* End XCRemoteSwiftPackageReference section */

/* Begin XCSwiftPackageProductDependency section */
		7F5822A12EF7000000FD9BCE /* GRDB */ = {
			isa = XCSwiftPackageProductDependency;
			package = 7F5822A02EF7000000FD9BCE /* XCRemoteSwiftPackageReference "GRDB.swift" */;
			productName = GRDB;
		};
		7F5824162EF8000100FD9BCE /* ViewInspector */ = {
			isa = XCSwiftPackageProductDependency;
			package = 7F5824182EF8000100FD9BCE /* XCRemoteSwiftPackageReference "ViewInspector" */;
			productName = ViewInspector;
		};
		7F5824172EF8000100FD9BCE /* SnapshotTesting */ = {
			isa = XCSwiftPackageProductDependency;
			package = 7F5824192EF8000100FD9BCE /* XCRemoteSwiftPackageReference "swift-snapshot-testing" */;
			productName = SnapshotTesting;
		};
/* End XCSwiftPackageProductDependency section */
	};
	rootObject = 7F58227F2EF6DC2800FD9BCE /* Project object */;
}
